GIT
  remote: git://github.com/chriseppstein/compass
  revision: 2408d23b4c3d26925d77c9dcc21fb70c4a4ec1ae
  branch: master
  specs:
    compass (0.13.alpha.2.2408d23)
      chunky_png (~> 1.2)
      listen (<= 0.9.9)
      sass (~> 3.2.5)

GIT
  remote: git://github.com/ericam/accoutrement
  revision: 92b0099dd21f0a2238bea582c2559dc71cdddd82
  branch: master
  specs:
    accoutrement (0.0.5)
      compass (>= 0.12.2)

GIT
  remote: git://github.com/ericam/susy
  revision: 5865792ceb92055e013a4e1e8242429ca499aa4d
  branch: master
  specs:
    susy (1.0.8)
      compass (>= 0.12.2)
      sass (>= 3.2.0)

GEM
  remote: http://rubygems.org/
  specs:
    animate (0.2.beta.0)
      compass (>= 0.13.alpha.0)
      sass (>= 3.2.0)
    chunky_png (1.2.7)
    listen (0.7.3)
    modular-scale (1.0.6)
      compass (>= 0.12.1)
      sass (>= 3.2.0)
      sassy-math (>= 1.5)
    rb-fsevent (0.9.3)
    sass (3.2.7)
    sassy-math (1.5)
      compass (~> 0.11)

PLATFORMS
  ruby

DEPENDENCIES
  accoutrement!
  animate (~> 0.2.beta.0)
  chunky_png (~> 1.2.5)
  compass!
  modular-scale (~> 1.0.2)
  rb-fsevent (~> 0.9.1)
  sass (~> 3.2.1)
  susy!
